{
  "name": "snake-demo-2",
  "lockfileVersion": 3,
  "requires": true,
  "packages": {
    "": {
      "dependencies": {
        "@fontsource/wix-madefor-display": "^5.1.0"
      }
    },
    "node_modules/@fontsource/wix-madefor-display": {
      "version": "5.1.0",
      "resolved": "https://registry.npmjs.org/@fontsource/wix-madefor-display/-/wix-madefor-display-5.1.0.tgz",
      "integrity": "sha512-jDqykumRtSeXeVupJ1nBVJlbcp4XDEL6KT365AIW+g02KjKrAlDo+3/YgOC9CKdoudOCvfcU3gNtauSWWINkfg=="
    }
  }
}
